
Microsoft Visual Studio Solution File, Format Version 12.00
# Visual Studio Version 16
VisualStudioVersion = 16.0.31105.61
MinimumVisualStudioVersion = 10.0.40219.1
Project("{FAE04EC0-301F-11D3-BF4B-00C04F79EFBC}") = "BaoXia.VisualStudio.CodeSnippets", "BaoXia.VisualStudio.CodeSnippets\BaoXia.VisualStudio.CodeSnippets.csproj", "{9F1AB10C-2C81-44FC-8BD0-1932EF0ACE98}"
EndProject
Global
	GlobalSection(SolutionConfigurationPlatforms) = preSolution
		Debug|Any CPU = Debug|Any CPU
		Release|Any CPU = Release|Any CPU
	EndGlobalSection
	GlobalSection(ProjectConfigurationPlatforms) = postSolution
		{9F1AB10C-2C81-44FC-8BD0-1932EF0ACE98}.Debug|Any CPU.ActiveCfg = Debug|Any CPU
		{9F1AB10C-2C81-44FC-8BD0-1932EF0ACE98}.Debug|Any CPU.Build.0 = Debug|Any CPU
		{9F1AB10C-2C81-44FC-8BD0-1932EF0ACE98}.Release|Any CPU.ActiveCfg = Release|Any CPU
		{9F1AB10C-2C81-44FC-8BD0-1932EF0ACE98}.Release|Any CPU.Build.0 = Release|Any CPU
	EndGlobalSection
	GlobalSection(SolutionProperties) = preSolution
		HideSolutionNode = FALSE
	EndGlobalSection
	GlobalSection(ExtensibilityGlobals) = postSolution
		SolutionGuid = {27968ED8-2766-4CEB-850E-7B9215E570A7}
	EndGlobalSection
EndGlobal
